// !$*UTF8*$!
{
	archiveVersion = 1;
	classes = {
	};
	objectVersion = 55;
	objects = {

/* Begin PBXBuildFile section */
		4781CEDB26F048A300353CF4 /* Tests_iOS.swift in Sources */ = {isa = PBXBuildFile; fileRef = 4781CEDA26F048A300353CF4 /* Tests_iOS.swift */; };
		4781CEDD26F048A300353CF4 /* Tests_iOSLaunchTests.swift in Sources */ = {isa = PBXBuildFile; fileRef = 4781CEDC26F048A300353CF4 /* Tests_iOSLaunchTests.swift */; };
		4781CEE726F048A300353CF4 /* Tests_macOS.swift in Sources */ = {isa = PBXBuildFile; fileRef = 4781CEE626F048A300353CF4 /* Tests_macOS.swift */; };
		4781CEE926F048A300353CF4 /* Tests_macOSLaunchTests.swift in Sources */ = {isa = PBXBuildFile; fileRef = 4781CEE826F048A300353CF4 /* Tests_macOSLaunchTests.swift */; };
		4781CEEA26F048A300353CF4 /* UI_307App.swift in Sources */ = {isa = PBXBuildFile; fileRef = 4781CEC426F048A300353CF4 /* UI_307App.swift */; };
		4781CEEB26F048A300353CF4 /* UI_307App.swift in Sources */ = {isa = PBXBuildFile; fileRef = 4781CEC426F048A300353CF4 /* UI_307App.swift */; };
		4781CEEC26F048A300353CF4 /* ContentView.swift in Sources */ = {isa = PBXBuildFile; fileRef = 4781CEC526F048A300353CF4 /* ContentView.swift */; };
		4781CEED26F048A300353CF4 /* ContentView.swift in Sources */ = {isa = PBXBuildFile; fileRef = 4781CEC526F048A300353CF4 /* ContentView.swift */; };
		4781CEEE26F048A300353CF4 /* Assets.xcassets in Resources */ = {isa = PBXBuildFile; fileRef = 4781CEC626F048A300353CF4 /* Assets.xcassets */; };
		4781CEEF26F048A300353CF4 /* Assets.xcassets in Resources */ = {isa = PBXBuildFile; fileRef = 4781CEC626F048A300353CF4 /* Assets.xcassets */; };
		4781CF0026F048B100353CF4 /* CustomTabBar.swift in Sources */ = {isa = PBXBuildFile; fileRef = 4781CEFF26F048B100353CF4 /* CustomTabBar.swift */; };
		4781CF0226F04A5800353CF4 /* BaseView.swift in Sources */ = {isa = PBXBuildFile; fileRef = 4781CF0126F04A5800353CF4 /* BaseView.swift */; };
/* End PBXBuildFile section */

/* Begin PBXContainerItemProxy section */
		4781CED726F048A300353CF4 /* PBXContainerItemProxy */ = {
			isa = PBXContainerItemProxy;
			containerPortal = 4781CEBF26F048A200353CF4 /* Project object */;
			proxyType = 1;
			remoteGlobalIDString = 4781CECA26F048A300353CF4;
			remoteInfo = "UI-307 (iOS)";
		};
		4781CEE326F048A300353CF4 /* PBXContainerItemProxy */ = {
			isa = PBXContainerItemProxy;
			containerPortal = 4781CEBF26F048A200353CF4 /* Project object */;
			proxyType = 1;
			remoteGlobalIDString = 4781CED026F048A300353CF4;
			remoteInfo = "UI-307 (macOS)";
		};
/* End PBXContainerItemProxy section */

/* Begin PBXFileReference section */
		4781CEC426F048A300353CF4 /* UI_307App.swift */ = {isa = PBXFileReference; lastKnownFileType = sourcecode.swift; path = UI_307App.swift; sourceTree = "<group>"; };
		4781CEC526F048A300353CF4 /* ContentView.swift */ = {isa = PBXFileReference; lastKnownFileType = sourcecode.swift; path = ContentView.swift; sourceTree = "<group>"; };
		4781CEC626F048A300353CF4 /* Assets.xcassets */ = {isa = PBXFileReference; lastKnownFileType = folder.assetcatalog; path = Assets.xcassets; sourceTree = "<group>"; };
		4781CECB26F048A300353CF4 /* UI-307.app */ = {isa = PBXFileReference; explicitFileType = wrapper.application; includeInIndex = 0; path = "UI-307.app"; sourceTree = BUILT_PRODUCTS_DIR; };
		4781CED126F048A300353CF4 /* UI-307.app */ = {isa = PBXFileReference; explicitFileType = wrapper.application; includeInIndex = 0; path = "UI-307.app"; sourceTree = BUILT_PRODUCTS_DIR; };
		4781CED626F048A300353CF4 /* Tests iOS.xctest */ = {isa = PBXFileReference; explicitFileType = wrapper.cfbundle; includeInIndex = 0; path = "Tests iOS.xctest"; sourceTree = BUILT_PRODUCTS_DIR; };
		4781CEDA26F048A300353CF4 /* Tests_iOS.swift */ = {isa = PBXFileReference; lastKnownFileType = sourcecode.swift; path = Tests_iOS.swift; sourceTree = "<group>"; };
		4781CEDC26F048A300353CF4 /* Tests_iOSLaunchTests.swift */ = {isa = PBXFileReference; lastKnownFileType = sourcecode.swift; path = Tests_iOSLaunchTests.swift; sourceTree = "<group>"; };
		4781CEE226F048A300353CF4 /* Tests macOS.xctest */ = {isa = PBXFileReference; explicitFileType = wrapper.cfbundle; includeInIndex = 0; path = "Tests macOS.xctest"; sourceTree = BUILT_PRODUCTS_DIR; };
		4781CEE626F048A300353CF4 /* Tests_macOS.swift */ = {isa = PBXFileReference; lastKnownFileType = sourcecode.swift; path = Tests_macOS.swift; sourceTree = "<group>"; };
		4781CEE826F048A300353CF4 /* Tests_macOSLaunchTests.swift */ = {isa = PBXFileReference; lastKnownFileType = sourcecode.swift; path = Tests_macOSLaunchTests.swift; sourceTree = "<group>"; };
		4781CEFF26F048B100353CF4 /* CustomTabBar.swift */ = {isa = PBXFileReference; lastKnownFileType = sourcecode.swift; path = CustomTabBar.swift; sourceTree = "<group>"; };
		4781CF0126F04A5800353CF4 /* BaseView.swift */ = {isa = PBXFileReference; lastKnownFileType = sourcecode.swift; path = BaseView.swift; sourceTree = "<group>"; };
/* End PBXFileReference section */

/* Begin PBXFrameworksBuildPhase section */
		4781CEC826F048A300353CF4 /* Frameworks */ = {
			isa = PBXFrameworksBuildPhase;
			buildActionMask = 2147483647;
			files = (
			);
			runOnlyForDeploymentPostprocessing = 0;
		};
		4781CECE26F048A300353CF4 /* Frameworks */ = {
			isa = PBXFrameworksBuildPhase;
			buildActionMask = 2147483647;
			files = (
			);
			runOnlyForDeploymentPostprocessing = 0;
		};
		4781CED326F048A300353CF4 /* Frameworks */ = {
			isa = PBXFrameworksBuildPhase;
			buildActionMask = 2147483647;
			files = (
			);
			runOnlyForDeploymentPostprocessing = 0;
		};
		4781CEDF26F048A300353CF4 /* Frameworks */ = {
			isa = PBXFrameworksBuildPhase;
			buildActionMask = 2147483647;
			files = (
			);
			runOnlyForDeploymentPostprocessing = 0;
		};
/* End PBXFrameworksBuildPhase section */

/* Begin PBXGroup section */
		4781CEBE26F048A200353CF4 = {
			isa = PBXGroup;
			children = (
				4781CEC326F048A300353CF4 /* Shared */,
				4781CED926F048A300353CF4 /* Tests iOS */,
				4781CEE526F048A300353CF4 /* Tests macOS */,
				4781CECC26F048A300353CF4 /* Products */,
			);
			sourceTree = "<group>";
		};
		4781CEC326F048A300353CF4 /* Shared */ = {
			isa = PBXGroup;
			children = (
				4781CEFE26F048A900353CF4 /* View */,
				4781CEC426F048A300353CF4 /* UI_307App.swift */,
				4781CEC526F048A300353CF4 /* ContentView.swift */,
				4781CEC626F048A300353CF4 /* Assets.xcassets */,
			);
			path = Shared;
			sourceTree = "<group>";
		};
		4781CECC26F048A300353CF4 /* Products */ = {
			isa = PBXGroup;
			children = (
				4781CECB26F048A300353CF4 /* UI-307.app */,
				4781CED126F048A300353CF4 /* UI-307.app */,
				4781CED626F048A300353CF4 /* Tests iOS.xctest */,
				4781CEE226F048A300353CF4 /* Tests macOS.xctest */,
			);
			name = Products;
			sourceTree = "<group>";
		};
		4781CED926F048A300353CF4 /* Tests iOS */ = {
			isa = PBXGroup;
			children = (
				4781CEDA26F048A300353CF4 /* Tests_iOS.swift */,
				4781CEDC26F048A300353CF4 /* Tests_iOSLaunchTests.swift */,
			);
			path = "Tests iOS";
			sourceTree = "<group>";
		};
		4781CEE526F048A300353CF4 /* Tests macOS */ = {
			isa = PBXGroup;
			children = (
				4781CEE626F048A300353CF4 /* Tests_macOS.swift */,
				4781CEE826F048A300353CF4 /* Tests_macOSLaunchTests.swift */,
			);
			path = "Tests macOS";
			sourceTree = "<group>";
		};
		4781CEFE26F048A900353CF4 /* View */ = {
			isa = PBXGroup;
			children = (
				4781CEFF26F048B100353CF4 /* CustomTabBar.swift */,
				4781CF0126F04A5800353CF4 /* BaseView.swift */,
			);
			path = View;
			sourceTree = "<group>";
		};
/* End PBXGroup section */

/* Begin PBXNativeTarget section */
		4781CECA26F048A300353CF4 /* UI-307 (iOS) */ = {
			isa = PBXNativeTarget;
			buildConfigurationList = 4781CEF226F048A300353CF4 /* Build configuration list for PBXNativeTarget "UI-307 (iOS)" */;
			buildPhases = (
				4781CEC726F048A300353CF4 /* Sources */,
				4781CEC826F048A300353CF4 /* Frameworks */,
				4781CEC926F048A300353CF4 /* Resources */,
			);
			buildRules = (
			);
			dependencies = (
			);
			name = "UI-307 (iOS)";
			productName = "UI-307 (iOS)";
			productReference = 4781CECB26F048A300353CF4 /* UI-307.app */;
			productType = "com.apple.product-type.application";
		};
		4781CED026F048A300353CF4 /* UI-307 (macOS) */ = {
			isa = PBXNativeTarget;
			buildConfigurationList = 4781CEF526F048A300353CF4 /* Build configuration list for PBXNativeTarget "UI-307 (macOS)" */;
			buildPhases = (
				4781CECD26F048A300353CF4 /* Sources */,
				4781CECE26F048A300353CF4 /* Frameworks */,
				4781CECF26F048A300353CF4 /* Resources */,
			);
			buildRules = (
			);
			dependencies = (
			);
			name = "UI-307 (macOS)";
			productName = "UI-307 (macOS)";
			productReference = 4781CED126F048A300353CF4 /* UI-307.app */;
			productType = "com.apple.product-type.application";
		};
		4781CED526F048A300353CF4 /* Tests iOS */ = {
			isa = PBXNativeTarget;
			buildConfigurationList = 4781CEF826F048A300353CF4 /* Build configuration list for PBXNativeTarget "Tests iOS" */;
			buildPhases = (
				4781CED226F048A300353CF4 /* Sources */,
				4781CED326F048A300353CF4 /* Frameworks */,
				4781CED426F048A300353CF4 /* Resources */,
			);
			buildRules = (
			);
			dependencies = (
				4781CED826F048A300353CF4 /* PBXTargetDependency */,
			);
			name = "Tests iOS";
			productName = "Tests iOS";
			productReference = 4781CED626F048A300353CF4 /* Tests iOS.xctest */;
			productType = "com.apple.product-type.bundle.ui-testing";
		};
		4781CEE126F048A300353CF4 /* Tests macOS */ = {
			isa = PBXNativeTarget;
			buildConfigurationList = 4781CEFB26F048A300353CF4 /* Build configuration list for PBXNativeTarget "Tests macOS" */;
			buildPhases = (
				4781CEDE26F048A300353CF4 /* Sources */,
				4781CEDF26F048A300353CF4 /* Frameworks */,
				4781CEE026F048A300353CF4 /* Resources */,
			);
			buildRules = (
			);
			dependencies = (
				4781CEE426F048A300353CF4 /* PBXTargetDependency */,
			);
			name = "Tests macOS";
			productName = "Tests macOS";
			productReference = 4781CEE226F048A300353CF4 /* Tests macOS.xctest */;
			productType = "com.apple.product-type.bundle.ui-testing";
		};
/* End PBXNativeTarget section */

/* Begin PBXProject section */
		4781CEBF26F048A200353CF4 /* Project object */ = {
			isa = PBXProject;
			attributes = {
				BuildIndependentTargetsInParallel = 1;
				LastSwiftUpdateCheck = 1300;
				LastUpgradeCheck = 1300;
				TargetAttributes = {
					4781CECA26F048A300353CF4 = {
						CreatedOnToolsVersion = 13.0;
					};
					4781CED026F048A300353CF4 = {
						CreatedOnToolsVersion = 13.0;
					};
					4781CED526F048A300353CF4 = {
						CreatedOnToolsVersion = 13.0;
						TestTargetID = 4781CECA26F048A300353CF4;
					};
					4781CEE126F048A300353CF4 = {
						CreatedOnToolsVersion = 13.0;
						TestTargetID = 4781CED026F048A300353CF4;
					};
				};
			};
			buildConfigurationList = 4781CEC226F048A200353CF4 /* Build configuration list for PBXProject "UI-307" */;
			compatibilityVersion = "Xcode 13.0";
			developmentRegion = en;
			hasScannedForEncodings = 0;
			knownRegions = (
				en,
				Base,
			);
			mainGroup = 4781CEBE26F048A200353CF4;
			productRefGroup = 4781CECC26F048A300353CF4 /* Products */;
			projectDirPath = "";
			projectRoot = "";
			targets = (
				4781CECA26F048A300353CF4 /* UI-307 (iOS) */,
				4781CED026F048A300353CF4 /* UI-307 (macOS) */,
				4781CED526F048A300353CF4 /* Tests iOS */,
				4781CEE126F048A300353CF4 /* Tests macOS */,
			);
		};
/* End PBXProject section */

/* Begin PBXResourcesBuildPhase section */
		4781CEC926F048A300353CF4 /* Resources */ = {
			isa = PBXResourcesBuildPhase;
			buildActionMask = 2147483647;
			files = (
				4781CEEE26F048A300353CF4 /* Assets.xcassets in Resources */,
			);
			runOnlyForDeploymentPostprocessing = 0;
		};
		4781CECF26F048A300353CF4 /* Resources */ = {
			isa = PBXResourcesBuildPhase;
			buildActionMask = 2147483647;
			files = (
				4781CEEF26F048A300353CF4 /* Assets.xcassets in Resources */,
			);
			runOnlyForDeploymentPostprocessing = 0;
		};
		4781CED426F048A300353CF4 /* Resources */ = {
			isa = PBXResourcesBuildPhase;
			buildActionMask = 2147483647;
			files = (
			);
			runOnlyForDeploymentPostprocessing = 0;
		};
		4781CEE026F048A300353CF4 /* Resources */ = {
			isa = PBXResourcesBuildPhase;
			buildActionMask = 2147483647;
			files = (
			);
			runOnlyForDeploymentPostprocessing = 0;
		};
/* End PBXResourcesBuildPhase section */

/* Begin PBXSourcesBuildPhase section */
		4781CEC726F048A300353CF4 /* Sources */ = {
			isa = PBXSourcesBuildPhase;
			buildActionMask = 2147483647;
			files = (
				4781CEEC26F048A300353CF4 /* ContentView.swift in Sources */,
				4781CF0026F048B100353CF4 /* CustomTabBar.swift in Sources */,
				4781CEEA26F048A300353CF4 /* UI_307App.swift in Sources */,
				4781CF0226F04A5800353CF4 /* BaseView.swift in Sources */,
			);
			runOnlyForDeploymentPostprocessing = 0;
		};
		4781CECD26F048A300353CF4 /* Sources */ = {
			isa = PBXSourcesBuildPhase;
			buildActionMask = 2147483647;
			files = (
				4781CEED26F048A300353CF4 /* ContentView.swift in Sources */,
				4781CEEB26F048A300353CF4 /* UI_307App.swift in Sources */,
			);
			runOnlyForDeploymentPostprocessing = 0;
		};
		4781CED226F048A300353CF4 /* Sources */ = {
			isa = PBXSourcesBuildPhase;
			buildActionMask = 2147483647;
			files = (
				4781CEDD26F048A300353CF4 /* Tests_iOSLaunchTests.swift in Sources */,
				4781CEDB26F048A300353CF4 /* Tests_iOS.swift in Sources */,
			);
			runOnlyForDeploymentPostprocessing = 0;
		};
		4781CEDE26F048A300353CF4 /* Sources */ = {
			isa = PBXSourcesBuildPhase;
			buildActionMask = 2147483647;
			files = (
				4781CEE926F048A300353CF4 /* Tests_macOSLaunchTests.swift in Sources */,
				4781CEE726F048A300353CF4 /* Tests_macOS.swift in Sources */,
			);
			runOnlyForDeploymentPostprocessing = 0;
		};
/* End PBXSourcesBuildPhase section */

/* Begin PBXTargetDependency section */
		4781CED826F048A300353CF4 /* PBXTargetDependency */ = {
			isa = PBXTargetDependency;
			target = 4781CECA26F048A300353CF4 /* UI-307 (iOS) */;
			targetProxy = 4781CED726F048A300353CF4 /* PBXContainerItemProxy */;
		};
		4781CEE426F048A300353CF4 /* PBXTargetDependency */ = {
			isa = PBXTargetDependency;
			target = 4781CED026F048A300353CF4 /* UI-307 (macOS) */;
			targetProxy = 4781CEE326F048A300353CF4 /* PBXContainerItemProxy */;
		};
/* End PBXTargetDependency section */

/* Begin XCBuildConfiguration section */
		4781CEF026F048A300353CF4 /* Debug */ = {
			isa = XCBuildConfiguration;
			buildSettings = {
				ALWAYS_SEARCH_USER_PATHS = NO;
				CLANG_ANALYZER_NONNULL = YES;
				CLANG_ANALYZER_NUMBER_OBJECT_CONVERSION = YES_AGGRESSIVE;
				CLANG_CXX_LANGUAGE_STANDARD = "gnu++17";
				CLANG_CXX_LIBRARY = "libc++";
				CLANG_ENABLE_MODULES = YES;
				CLANG_ENABLE_OBJC_ARC = YES;
				CLANG_ENABLE_OBJC_WEAK = YES;
				CLANG_WARN_BLOCK_CAPTURE_AUTORELEASING = YES;
				CLANG_WARN_BOOL_CONVERSION = YES;
				CLANG_WARN_COMMA = YES;
				CLANG_WARN_CONSTANT_CONVERSION = YES;
				CLANG_WARN_DEPRECATED_OBJC_IMPLEMENTATIONS = YES;
				CLANG_WARN_DIRECT_OBJC_ISA_USAGE = YES_ERROR;
				CLANG_WARN_DOCUMENTATION_COMMENTS = YES;
				CLANG_WARN_EMPTY_BODY = YES;
				CLANG_WARN_ENUM_CONVERSION = YES;
				CLANG_WARN_INFINITE_RECURSION = YES;
				CLANG_WARN_INT_CONVERSION = YES;
				CLANG_WARN_NON_LITERAL_NULL_CONVERSION = YES;
				CLANG_WARN_OBJC_IMPLICIT_RETAIN_SELF = YES;
				CLANG_WARN_OBJC_LITERAL_CONVERSION = YES;
				CLANG_WARN_OBJC_ROOT_CLASS = YES_ERROR;
				CLANG_WARN_QUOTED_INCLUDE_IN_FRAMEWORK_HEADER = YES;
				CLANG_WARN_RANGE_LOOP_ANALYSIS = YES;
				CLANG_WARN_STRICT_PROTOTYPES = YES;
				CLANG_WARN_SUSPICIOUS_MOVE = YES;
				CLANG_WARN_UNGUARDED_AVAILABILITY = YES_AGGRESSIVE;
				CLANG_WARN_UNREACHABLE_CODE = YES;
				CLANG_WARN__DUPLICATE_METHOD_MATCH = YES;
				COPY_PHASE_STRIP = NO;
				DEBUG_INFORMATION_FORMAT = dwarf;
				ENABLE_STRICT_OBJC_MSGSEND = YES;
				ENABLE_TESTABILITY = YES;
				GCC_C_LANGUAGE_STANDARD = gnu11;
				GCC_DYNAMIC_NO_PIC = NO;
				GCC_NO_COMMON_BLOCKS = YES;
				GCC_OPTIMIZATION_LEVEL = 0;
				GCC_PREPROCESSOR_DEFINITIONS = (
					"DEBUG=1",
					"$(inherited)",
				);
				GCC_WARN_64_TO_32_BIT_CONVERSION = YES;
				GCC_WARN_ABOUT_RETURN_TYPE = YES_ERROR;
				GCC_WARN_UNDECLARED_SELECTOR = YES;
				GCC_WARN_UNINITIALIZED_AUTOS = YES_AGGRESSIVE;
				GCC_WARN_UNUSED_FUNCTION = YES;
				GCC_WARN_UNUSED_VARIABLE = YES;
				MTL_ENABLE_DEBUG_INFO = INCLUDE_SOURCE;
				MTL_FAST_MATH = YES;
				ONLY_ACTIVE_ARCH = YES;
				SWIFT_ACTIVE_COMPILATION_CONDITIONS = DEBUG;
				SWIFT_OPTIMIZATION_LEVEL = "-Onone";
			};
			name = Debug;
		};
		4781CEF126F048A300353CF4 /* Release */ = {
			isa = XCBuildConfiguration;
			buildSettings = {
				ALWAYS_SEARCH_USER_PATHS = NO;
				CLANG_ANALYZER_NONNULL = YES;
				CLANG_ANALYZER_NUMBER_OBJECT_CONVERSION = YES_AGGRESSIVE;
				CLANG_CXX_LANGUAGE_STANDARD = "gnu++17";
				CLANG_CXX_LIBRARY = "libc++";
				CLANG_ENABLE_MODULES = YES;
				CLANG_ENABLE_OBJC_ARC = YES;
				CLANG_ENABLE_OBJC_WEAK = YES;
				CLANG_WARN_BLOCK_CAPTURE_AUTORELEASING = YES;
				CLANG_WARN_BOOL_CONVERSION = YES;
				CLANG_WARN_COMMA = YES;
				CLANG_WARN_CONSTANT_CONVERSION = YES;
				CLANG_WARN_DEPRECATED_OBJC_IMPLEMENTATIONS = YES;
				CLANG_WARN_DIRECT_OBJC_ISA_USAGE = YES_ERROR;
				CLANG_WARN_DOCUMENTATION_COMMENTS = YES;
				CLANG_WARN_EMPTY_BODY = YES;
				CLANG_WARN_ENUM_CONVERSION = YES;
				CLANG_WARN_INFINITE_RECURSION = YES;
				CLANG_WARN_INT_CONVERSION = YES;
				CLANG_WARN_NON_LITERAL_NULL_CONVERSION = YES;
				CLANG_WARN_OBJC_IMPLICIT_RETAIN_SELF = YES;
				CLANG_WARN_OBJC_LITERAL_CONVERSION = YES;
				CLANG_WARN_OBJC_ROOT_CLASS = YES_ERROR;
				CLANG_WARN_QUOTED_INCLUDE_IN_FRAMEWORK_HEADER = YES;
				CLANG_WARN_RANGE_LOOP_ANALYSIS = YES;
				CLANG_WARN_STRICT_PROTOTYPES = YES;
				CLANG_WARN_SUSPICIOUS_MOVE = YES;
				CLANG_WARN_UNGUARDED_AVAILABILITY = YES_AGGRESSIVE;
				CLANG_WARN_UNREACHABLE_CODE = YES;
				CLANG_WARN__DUPLICATE_METHOD_MATCH = YES;
				COPY_PHASE_STRIP = NO;
				DEBUG_INFORMATION_FORMAT = "dwarf-with-dsym";
				ENABLE_NS_ASSERTIONS = NO;
				ENABLE_STRICT_OBJC_MSGSEND = YES;
				GCC_C_LANGUAGE_STANDARD = gnu11;
				GCC_NO_COMMON_BLOCKS = YES;
				GCC_WARN_64_TO_32_BIT_CONVERSION = YES;
				GCC_WARN_ABOUT_RETURN_TYPE = YES_ERROR;
				GCC_WARN_UNDECLARED_SELECTOR = YES;
				GCC_WARN_UNINITIALIZED_AUTOS = YES_AGGRESSIVE;
				GCC_WARN_UNUSED_FUNCTION = YES;
				GCC_WARN_UNUSED_VARIABLE = YES;
				MTL_ENABLE_DEBUG_INFO = NO;
				MTL_FAST_MATH = YES;
				SWIFT_COMPILATION_MODE = wholemodule;
				SWIFT_OPTIMIZATION_LEVEL = "-O";
			};
			name = Release;
		};
		4781CEF326F048A300353CF4 /* Debug */ = {
			isa = XCBuildConfiguration;
			buildSettings = {
				ASSETCATALOG_COMPILER_APPICON_NAME = AppIcon;
				ASSETCATALOG_COMPILER_GLOBAL_ACCENT_COLOR_NAME = AccentColor;
				CODE_SIGN_STYLE = Automatic;
				CURRENT_PROJECT_VERSION = 1;
				DEVELOPMENT_TEAM = 8CL4U468K5;
				ENABLE_PREVIEWS = YES;
				GENERATE_INFOPLIST_FILE = YES;
				INFOPLIST_KEY_UIApplicationSceneManifest_Generation = YES;
				INFOPLIST_KEY_UIApplicationSupportsIndirectInputEvents = YES;
				INFOPLIST_KEY_UILaunchScreen_Generation = YES;
				INFOPLIST_KEY_UISupportedInterfaceOrientations_iPad = "UIInterfaceOrientationPortrait UIInterfaceOrientationPortraitUpsideDown UIInterfaceOrientationLandscapeLeft UIInterfaceOrientationLandscapeRight";
				INFOPLIST_KEY_UISupportedInterfaceOrientations_iPhone = "UIInterfaceOrientationPortrait UIInterfaceOrientationLandscapeLeft UIInterfaceOrientationLandscapeRight";
				IPHONEOS_DEPLOYMENT_TARGET = 15.0;
				LD_RUNPATH_SEARCH_PATHS = (
					"$(inherited)",
					"@executable_path/Frameworks",
				);
				MARKETING_VERSION = 1.0;
				PRODUCT_BUNDLE_IDENTIFIER = "com.587.UI-307";
				PRODUCT_NAME = "UI-307";
				SDKROOT = iphoneos;
				SWIFT_EMIT_LOC_STRINGS = YES;
				SWIFT_VERSION = 5.0;
				TARGETED_DEVICE_FAMILY = "1,2";
			};
			name = Debug;
		};
		4781CEF426F048A300353CF4 /* Release */ = {
			isa = XCBuildConfiguration;
			buildSettings = {
				ASSETCATALOG_COMPILER_APPICON_NAME = AppIcon;
				ASSETCATALOG_COMPILER_GLOBAL_ACCENT_COLOR_NAME = AccentColor;
				CODE_SIGN_STYLE = Automatic;
				CURRENT_PROJECT_VERSION = 1;
				DEVELOPMENT_TEAM = 8CL4U468K5;
				ENABLE_PREVIEWS = YES;
				GENERATE_INFOPLIST_FILE = YES;
				INFOPLIST_KEY_UIApplicationSceneManifest_Generation = YES;
				INFOPLIST_KEY_UIApplicationSupportsIndirectInputEvents = YES;
				INFOPLIST_KEY_UILaunchScreen_Generation = YES;
				INFOPLIST_KEY_UISupportedInterfaceOrientations_iPad = "UIInterfaceOrientationPortrait UIInterfaceOrientationPortraitUpsideDown UIInterfaceOrientationLandscapeLeft UIInterfaceOrientationLandscapeRight";
				INFOPLIST_KEY_UISupportedInterfaceOrientations_iPhone = "UIInterfaceOrientationPortrait UIInterfaceOrientationLandscapeLeft UIInterfaceOrientationLandscapeRight";
				IPHONEOS_DEPLOYMENT_TARGET = 15.0;
				LD_RUNPATH_SEARCH_PATHS = (
					"$(inherited)",
					"@executable_path/Frameworks",
				);
				MARKETING_VERSION = 1.0;
				PRODUCT_BUNDLE_IDENTIFIER = "com.587.UI-307";
				PRODUCT_NAME = "UI-307";
				SDKROOT = iphoneos;
				SWIFT_EMIT_LOC_STRINGS = YES;
				SWIFT_VERSION = 5.0;
				TARGETED_DEVICE_FAMILY = "1,2";
				VALIDATE_PRODUCT = YES;
			};
			name = Release;
		};
		4781CEF626F048A300353CF4 /* Debug */ = {
			isa = XCBuildConfiguration;
			buildSettings = {
				ASSETCATALOG_COMPILER_APPICON_NAME = AppIcon;
				ASSETCATALOG_COMPILER_GLOBAL_ACCENT_COLOR_NAME = AccentColor;
				CODE_SIGN_STYLE = Automatic;
				COMBINE_HIDPI_IMAGES = YES;
				CURRENT_PROJECT_VERSION = 1;
				DEVELOPMENT_TEAM = 8CL4U468K5;
				ENABLE_APP_SANDBOX = YES;
				ENABLE_HARDENED_RUNTIME = YES;
				ENABLE_PREVIEWS = YES;
				ENABLE_USER_SELECTED_FILES = readonly;
				GENERATE_INFOPLIST_FILE = YES;
				INFOPLIST_KEY_NSHumanReadableCopyright = "";
				LD_RUNPATH_SEARCH_PATHS = (
					"$(inherited)",
					"@executable_path/../Frameworks",
				);
				MACOSX_DEPLOYMENT_TARGET = 11.0;
				MARKETING_VERSION = 1.0;
				PRODUCT_BUNDLE_IDENTIFIER = "com.587.UI-307";
				PRODUCT_NAME = "UI-307";
				SDKROOT = macosx;
				SWIFT_EMIT_LOC_STRINGS = YES;
				SWIFT_VERSION = 5.0;
			};
			name = Debug;
		};
		4781CEF726F048A300353CF4 /* Release */ = {
			isa = XCBuildConfiguration;
			buildSettings = {
				ASSETCATALOG_COMPILER_APPICON_NAME = AppIcon;
				ASSETCATALOG_COMPILER_GLOBAL_ACCENT_COLOR_NAME = AccentColor;
				CODE_SIGN_STYLE = Automatic;
				COMBINE_HIDPI_IMAGES = YES;
				CURRENT_PROJECT_VERSION = 1;
				DEVELOPMENT_TEAM = 8CL4U468K5;
				ENABLE_APP_SANDBOX = YES;
				ENABLE_HARDENED_RUNTIME = YES;
				ENABLE_PREVIEWS = YES;
				ENABLE_USER_SELECTED_FILES = readonly;
				GENERATE_INFOPLIST_FILE = YES;
				INFOPLIST_KEY_NSHumanReadableCopyright = "";
				LD_RUNPATH_SEARCH_PATHS = (
					"$(inherited)",
					"@executable_path/../Frameworks",
				);
				MACOSX_DEPLOYMENT_TARGET = 11.0;
				MARKETING_VERSION = 1.0;
				PRODUCT_BUNDLE_IDENTIFIER = "com.587.UI-307";
				PRODUCT_NAME = "UI-307";
				SDKROOT = macosx;
				SWIFT_EMIT_LOC_STRINGS = YES;
				SWIFT_VERSION = 5.0;
			};
			name = Release;
		};
		4781CEF926F048A300353CF4 /* Debug */ = {
			isa = XCBuildConfiguration;
			buildSettings = {
				ALWAYS_EMBED_SWIFT_STANDARD_LIBRARIES = YES;
				CODE_SIGN_STYLE = Automatic;
				CURRENT_PROJECT_VERSION = 1;
				DEVELOPMENT_TEAM = 8CL4U468K5;
				GENERATE_INFOPLIST_FILE = YES;
				IPHONEOS_DEPLOYMENT_TARGET = 15.0;
				LD_RUNPATH_SEARCH_PATHS = (
					"$(inherited)",
					"@executable_path/Frameworks",
					"@loader_path/Frameworks",
				);
				MARKETING_VERSION = 1.0;
				PRODUCT_BUNDLE_IDENTIFIER = "com.587.Tests-iOS";
				PRODUCT_NAME = "$(TARGET_NAME)";
				SDKROOT = iphoneos;
				SWIFT_EMIT_LOC_STRINGS = NO;
				SWIFT_VERSION = 5.0;
				TARGETED_DEVICE_FAMILY = "1,2";
				TEST_TARGET_NAME = "UI-307 (iOS)";
			};
			name = Debug;
		};
		4781CEFA26F048A300353CF4 /* Release */ = {
			isa = XCBuildConfiguration;
			buildSettings = {
				ALWAYS_EMBED_SWIFT_STANDARD_LIBRARIES = YES;
				CODE_SIGN_STYLE = Automatic;
				CURRENT_PROJECT_VERSION = 1;
				DEVELOPMENT_TEAM = 8CL4U468K5;
				GENERATE_INFOPLIST_FILE = YES;
				IPHONEOS_DEPLOYMENT_TARGET = 15.0;
				LD_RUNPATH_SEARCH_PATHS = (
					"$(inherited)",
					"@executable_path/Frameworks",
					"@loader_path/Frameworks",
				);
				MARKETING_VERSION = 1.0;
				PRODUCT_BUNDLE_IDENTIFIER = "com.587.Tests-iOS";
				PRODUCT_NAME = "$(TARGET_NAME)";
				SDKROOT = iphoneos;
				SWIFT_EMIT_LOC_STRINGS = NO;
				SWIFT_VERSION = 5.0;
				TARGETED_DEVICE_FAMILY = "1,2";
				TEST_TARGET_NAME = "UI-307 (iOS)";
				VALIDATE_PRODUCT = YES;
			};
			name = Release;
		};
		4781CEFC26F048A300353CF4 /* Debug */ = {
			isa = XCBuildConfiguration;
			buildSettings = {
				ALWAYS_EMBED_SWIFT_STANDARD_LIBRARIES = YES;
				CODE_SIGN_STYLE = Automatic;
				COMBINE_HIDPI_IMAGES = YES;
				CURRENT_PROJECT_VERSION = 1;
				DEVELOPMENT_TEAM = 8CL4U468K5;
				GENERATE_INFOPLIST_FILE = YES;
				LD_RUNPATH_SEARCH_PATHS = (
					"$(inherited)",
					"@executable_path/../Frameworks",
					"@loader_path/../Frameworks",
				);
				MACOSX_DEPLOYMENT_TARGET = 11.5;
				MARKETING_VERSION = 1.0;
				PRODUCT_BUNDLE_IDENTIFIER = "com.587.Tests-macOS";
				PRODUCT_NAME = "$(TARGET_NAME)";
				SDKROOT = macosx;
				SWIFT_EMIT_LOC_STRINGS = NO;
				SWIFT_VERSION = 5.0;
				TEST_TARGET_NAME = "UI-307 (macOS)";
			};
			name = Debug;
		};
		4781CEFD26F048A300353CF4 /* Release */ = {
			isa = XCBuildConfiguration;
			buildSettings = {
				ALWAYS_EMBED_SWIFT_STANDARD_LIBRARIES = YES;
				CODE_SIGN_STYLE = Automatic;
				COMBINE_HIDPI_IMAGES = YES;
				CURRENT_PROJECT_VERSION = 1;
				DEVELOPMENT_TEAM = 8CL4U468K5;
				GENERATE_INFOPLIST_FILE = YES;
				LD_RUNPATH_SEARCH_PATHS = (
					"$(inherited)",
					"@executable_path/../Frameworks",
					"@loader_path/../Frameworks",
				);
				MACOSX_DEPLOYMENT_TARGET = 11.5;
				MARKETING_VERSION = 1.0;
				PRODUCT_BUNDLE_IDENTIFIER = "com.587.Tests-macOS";
				PRODUCT_NAME = "$(TARGET_NAME)";
				SDKROOT = macosx;
				SWIFT_EMIT_LOC_STRINGS = NO;
				SWIFT_VERSION = 5.0;
				TEST_TARGET_NAME = "UI-307 (macOS)";
			};
			name = Release;
		};
/* End XCBuildConfiguration section */

/* Begin XCConfigurationList section */
		4781CEC226F048A200353CF4 /* Build configuration list for PBXProject "UI-307" */ = {
			isa = XCConfigurationList;
			buildConfigurations = (
				4781CEF026F048A300353CF4 /* Debug */,
				4781CEF126F048A300353CF4 /* Release */,
			);
			defaultConfigurationIsVisible = 0;
			defaultConfigurationName = Release;
		};
		4781CEF226F048A300353CF4 /* Build configuration list for PBXNativeTarget "UI-307 (iOS)" */ = {
			isa = XCConfigurationList;
			buildConfigurations = (
				4781CEF326F048A300353CF4 /* Debug */,
				4781CEF426F048A300353CF4 /* Release */,
			);
			defaultConfigurationIsVisible = 0;
			defaultConfigurationName = Release;
		};
		4781CEF526F048A300353CF4 /* Build configuration list for PBXNativeTarget "UI-307 (macOS)" */ = {
			isa = XCConfigurationList;
			buildConfigurations = (
				4781CEF626F048A300353CF4 /* Debug */,
				4781CEF726F048A300353CF4 /* Release */,
			);
			defaultConfigurationIsVisible = 0;
			defaultConfigurationName = Release;
		};
		4781CEF826F048A300353CF4 /* Build configuration list for PBXNativeTarget "Tests iOS" */ = {
			isa = XCConfigurationList;
			buildConfigurations = (
				4781CEF926F048A300353CF4 /* Debug */,
				4781CEFA26F048A300353CF4 /* Release */,
			);
			defaultConfigurationIsVisible = 0;
			defaultConfigurationName = Release;
		};
		4781CEFB26F048A300353CF4 /* Build configuration list for PBXNativeTarget "Tests macOS" */ = {
			isa = XCConfigurationList;
			buildConfigurations = (
				4781CEFC26F048A300353CF4 /* Debug */,
				4781CEFD26F048A300353CF4 /* Release */,
			);
			defaultConfigurationIsVisible = 0;
			defaultConfigurationName = Release;
		};
/* End XCConfigurationList section */
	};
	rootObject = 4781CEBF26F048A200353CF4 /* Project object */;
}
